
Microsoft Visual Studio Solution File, Format Version 12.00
# Visual Studio 2013
VisualStudioVersion = 12.0.21005.1
MinimumVisualStudioVersion = 10.0.40219.1
Project("{8BC9CEB8-8B4A-11D0-8D11-00A0C91BC942}") = "test_273", "test_273\test_273.vcxproj", "{B13A8DB5-3511-4F1C-9256-F8D52AF82BCB}"
EndProject
Global
	GlobalSection(SolutionConfigurationPlatforms) = preSolution
		Debug|Win32 = Debug|Win32
		Release|Win32 = Release|Win32
	EndGlobalSection
	GlobalSection(ProjectConfigurationPlatforms) = postSolution
		{B13A8DB5-3511-4F1C-9256-F8D52AF82BCB}.Debug|Win32.ActiveCfg = Debug|Win32
		{B13A8DB5-3511-4F1C-9256-F8D52AF82BCB}.Debug|Win32.Build.0 = Debug|Win32
		{B13A8DB5-3511-4F1C-9256-F8D52AF82BCB}.Release|Win32.ActiveCfg = Release|Win32
		{B13A8DB5-3511-4F1C-9256-F8D52AF82BCB}.Release|Win32.Build.0 = Release|Win32
	EndGlobalSection
	GlobalSection(SolutionProperties) = preSolution
		HideSolutionNode = FALSE
	EndGlobalSection
EndGlobal
