
Microsoft Visual Studio Solution File, Format Version 12.00
# Visual Studio 2013
VisualStudioVersion = 12.0.21005.1
MinimumVisualStudioVersion = 10.0.40219.1
Project("{8BC9CEB8-8B4A-11D0-8D11-00A0C91BC942}") = "test_238", "test_238\test_238.vcxproj", "{99DEBDC1-AF79-4A59-A762-2B5CD75A9613}"
EndProject
Global
	GlobalSection(SolutionConfigurationPlatforms) = preSolution
		Debug|Win32 = Debug|Win32
		Release|Win32 = Release|Win32
	EndGlobalSection
	GlobalSection(ProjectConfigurationPlatforms) = postSolution
		{99DEBDC1-AF79-4A59-A762-2B5CD75A9613}.Debug|Win32.ActiveCfg = Debug|Win32
		{99DEBDC1-AF79-4A59-A762-2B5CD75A9613}.Debug|Win32.Build.0 = Debug|Win32
		{99DEBDC1-AF79-4A59-A762-2B5CD75A9613}.Release|Win32.ActiveCfg = Release|Win32
		{99DEBDC1-AF79-4A59-A762-2B5CD75A9613}.Release|Win32.Build.0 = Release|Win32
	EndGlobalSection
	GlobalSection(SolutionProperties) = preSolution
		HideSolutionNode = FALSE
	EndGlobalSection
EndGlobal
