
Microsoft Visual Studio Solution File, Format Version 12.00
# Visual Studio 2013
VisualStudioVersion = 12.0.21005.1
MinimumVisualStudioVersion = 10.0.40219.1
Project("{8BC9CEB8-8B4A-11D0-8D11-00A0C91BC942}") = "test_104", "test_104\test_104.vcxproj", "{142E6153-DA0D-4EC3-97B3-1BD3DD50AFFA}"
EndProject
Global
	GlobalSection(SolutionConfigurationPlatforms) = preSolution
		Debug|Win32 = Debug|Win32
		Release|Win32 = Release|Win32
	EndGlobalSection
	GlobalSection(ProjectConfigurationPlatforms) = postSolution
		{142E6153-DA0D-4EC3-97B3-1BD3DD50AFFA}.Debug|Win32.ActiveCfg = Debug|Win32
		{142E6153-DA0D-4EC3-97B3-1BD3DD50AFFA}.Debug|Win32.Build.0 = Debug|Win32
		{142E6153-DA0D-4EC3-97B3-1BD3DD50AFFA}.Release|Win32.ActiveCfg = Release|Win32
		{142E6153-DA0D-4EC3-97B3-1BD3DD50AFFA}.Release|Win32.Build.0 = Release|Win32
	EndGlobalSection
	GlobalSection(SolutionProperties) = preSolution
		HideSolutionNode = FALSE
	EndGlobalSection
EndGlobal
