
Microsoft Visual Studio Solution File, Format Version 12.00
# Visual Studio 2013
VisualStudioVersion = 12.0.21005.1
MinimumVisualStudioVersion = 10.0.40219.1
Project("{8BC9CEB8-8B4A-11D0-8D11-00A0C91BC942}") = "test_151", "test_151\test_151.vcxproj", "{ADBBCE27-FD97-4C21-9783-F2EEFB2AE39F}"
EndProject
Global
	GlobalSection(SolutionConfigurationPlatforms) = preSolution
		Debug|Win32 = Debug|Win32
		Release|Win32 = Release|Win32
	EndGlobalSection
	GlobalSection(ProjectConfigurationPlatforms) = postSolution
		{ADBBCE27-FD97-4C21-9783-F2EEFB2AE39F}.Debug|Win32.ActiveCfg = Debug|Win32
		{ADBBCE27-FD97-4C21-9783-F2EEFB2AE39F}.Debug|Win32.Build.0 = Debug|Win32
		{ADBBCE27-FD97-4C21-9783-F2EEFB2AE39F}.Release|Win32.ActiveCfg = Release|Win32
		{ADBBCE27-FD97-4C21-9783-F2EEFB2AE39F}.Release|Win32.Build.0 = Release|Win32
	EndGlobalSection
	GlobalSection(SolutionProperties) = preSolution
		HideSolutionNode = FALSE
	EndGlobalSection
EndGlobal
